PODS:
  - AdColony (2.6.2)
  - ampiri-ios-dev (3.3.0-123):
    - ampiri-ios-dev/Adapters (= 3.3.0-123)
    - ampiri-ios-dev/Core (= 3.3.0-123)
  - ampiri-ios-dev/Adapters (3.3.0-123):
    - ampiri-ios-dev/Adapters/AdColonyAdapter (= 3.3.0-123)
    - ampiri-ios-dev/Adapters/AppLovinAdapter (= 3.3.0-123)
    - ampiri-ios-dev/Adapters/ChartboostAdapter (= 3.3.0-123)
    - ampiri-ios-dev/Adapters/FBAudienceAdapter (= 3.3.0-123)
    - ampiri-ios-dev/Adapters/GoogleMobileAdsAdapter (= 3.3.0-123)
    - ampiri-ios-dev/Adapters/MopubAdapter (= 3.3.0-123)
    - ampiri-ios-dev/Adapters/NativeXAdapter (= 3.3.0-123)
    - ampiri-ios-dev/Adapters/UnityAdsAdapter (= 3.3.0-123)
    - ampiri-ios-dev/Adapters/VungleAdapter (= 3.3.0-123)
    - ampiri-ios-dev/Core
  - ampiri-ios-dev/Adapters/AdColonyAdapter (3.3.0-123):
    - AdColony (~> 2.6)
    - ampiri-ios-dev/Core
  - ampiri-ios-dev/Adapters/AppLovinAdapter (3.3.0-123):
    - ampiri-ios-dev/Core
  - ampiri-ios-dev/Adapters/ChartboostAdapter (3.3.0-123):
    - ampiri-ios-dev/Core
    - ChartboostSDK (~> 6.5)
  - ampiri-ios-dev/Adapters/FBAudienceAdapter (3.3.0-123):
    - ampiri-ios-dev/Core
    - FBAudienceNetwork (~> 4.16)
  - ampiri-ios-dev/Adapters/GoogleMobileAdsAdapter (3.3.0-123):
    - ampiri-ios-dev/Core
    - Google-Mobile-Ads-SDK (~> 7.12)
  - ampiri-ios-dev/Adapters/MopubAdapter (3.3.0-123):
    - ampiri-ios-dev/Core
    - mopub-ios-sdk (~> 4.9)
  - ampiri-ios-dev/Adapters/NativeXAdapter (3.3.0-123):
    - ampiri-ios-dev/Core
    - NativeX-iOS-SDK (~> 5.5)
  - ampiri-ios-dev/Adapters/UnityAdsAdapter (3.3.0-123):
    - ampiri-ios-dev/Core
    - UnityAds (~> 1.5)
  - ampiri-ios-dev/Adapters/VungleAdapter (3.3.0-123):
    - ampiri-ios-dev/Core
    - VungleSDK-iOS (~> 3.2)
  - ampiri-ios-dev/Core (3.3.0-123)
  - ChartboostSDK (6.5.1)
  - FBAudienceNetwork (4.16.1)
  - Google-Mobile-Ads-SDK (7.12.1)
  - mopub-ios-sdk (4.9.1):
    - mopub-ios-sdk/MoPubSDK (= 4.9.1)
  - mopub-ios-sdk/MoPubSDK (4.9.1)
  - NativeX-iOS-SDK (5.5.7.1)
  - UnityAds (1.5.6)
  - VungleSDK-iOS (3.2.2)

DEPENDENCIES:
  - ampiri-ios-dev (~> 3.3.0-1)

SPEC CHECKSUMS:
  AdColony: c91c627c389e8d26a22c05ce7585d83db0121c25
  ampiri-ios-dev: 173608b22e2be447475bbcd344bb9274124c10a3
  ChartboostSDK: a0b3b393cac97cd6dd75841bf5d78b46794c77ce
  FBAudienceNetwork: 8df6be605acb98347614fe124f828138362f3341
  Google-Mobile-Ads-SDK: 542eb24c1ce6c8fd5084ee9572fd9dcd2d06065a
  mopub-ios-sdk: a2fc16e924c1c17f8cff26b3d50f9e88a34d1f06
  NativeX-iOS-SDK: 03c34dd01458780ba6049b009d84863703dd0d47
  UnityAds: 717325c6fe6133fe83f7fd0f2993481df559637e
  VungleSDK-iOS: 1c9ac04299476b78e592221fe6cbc8e3fd5b7418

PODFILE CHECKSUM: 61d232aba9b452e2e709d702d814b1b48d9751fc

COCOAPODS: 1.1.0.rc.2
