PODS:
  - AdColony (2.6.1)
  - ampiri-ios-sdk (3.1.0):
    - ampiri-ios-sdk/Adapters (= 3.1.0)
    - ampiri-ios-sdk/Core (= 3.1.0)
  - ampiri-ios-sdk/Adapters (3.1.0):
    - ampiri-ios-sdk/Adapters/AdColonyAdapter (= 3.1.0)
    - ampiri-ios-sdk/Adapters/AppLovinAdapter (= 3.1.0)
    - ampiri-ios-sdk/Adapters/ChartboostAdapter (= 3.1.0)
    - ampiri-ios-sdk/Adapters/FBAudienceAdapter (= 3.1.0)
    - ampiri-ios-sdk/Adapters/GoogleMobileAdsAdapter (= 3.1.0)
    - ampiri-ios-sdk/Adapters/MopubAdapter (= 3.1.0)
    - ampiri-ios-sdk/Adapters/NativeXAdapter (= 3.1.0)
    - ampiri-ios-sdk/Adapters/UnityAdsAdapter (= 3.1.0)
    - ampiri-ios-sdk/Adapters/VungleAdapter (= 3.1.0)
    - ampiri-ios-sdk/Core
  - ampiri-ios-sdk/Adapters/AdColonyAdapter (3.1.0):
    - AdColony (~> 2.6)
    - ampiri-ios-sdk/Core
  - ampiri-ios-sdk/Adapters/AppLovinAdapter (3.1.0):
    - ampiri-ios-sdk/Core
  - ampiri-ios-sdk/Adapters/ChartboostAdapter (3.1.0):
    - ampiri-ios-sdk/Core
    - ChartboostSDK (~> 6.1)
  - ampiri-ios-sdk/Adapters/FBAudienceAdapter (3.1.0):
    - ampiri-ios-sdk/Core
    - FBAudienceNetwork (~> 4.8)
  - ampiri-ios-sdk/Adapters/GoogleMobileAdsAdapter (3.1.0):
    - ampiri-ios-sdk/Core
    - Google-Mobile-Ads-SDK (~> 7.8)
  - ampiri-ios-sdk/Adapters/MopubAdapter (3.1.0):
    - ampiri-ios-sdk/Core
    - mopub-ios-sdk (~> 4.4)
  - ampiri-ios-sdk/Adapters/NativeXAdapter (3.1.0):
    - ampiri-ios-sdk/Core
    - NativeX-iOS-SDK (~> 5.5)
  - ampiri-ios-sdk/Adapters/UnityAdsAdapter (3.1.0):
    - ampiri-ios-sdk/Core
    - UnityAds (~> 1.5)
  - ampiri-ios-sdk/Adapters/VungleAdapter (3.1.0):
    - ampiri-ios-sdk/Core
    - VungleSDK-iOS (~> 3.2)
  - ampiri-ios-sdk/Core (3.1.0)
  - ChartboostSDK (6.4.4)
  - FBAudienceNetwork (4.12.0)
  - Google-Mobile-Ads-SDK (7.8.1)
  - mopub-ios-sdk (4.7.0):
    - mopub-ios-sdk/MoPubSDK (= 4.7.0)
  - mopub-ios-sdk/MoPubSDK (4.7.0)
  - NativeX-iOS-SDK (5.5.6.3)
  - UnityAds (1.5.6)
  - VungleSDK-iOS (3.2.1)

DEPENDENCIES:
  - ampiri-ios-sdk (~> 3.1)

SPEC CHECKSUMS:
  AdColony: a9859672fee49d9a81017d1fffa3133bf8538bd8
  ampiri-ios-sdk: 8b8041e66b54b907644aaa77259eaa8af789b616
  ChartboostSDK: 7ee1b62aa05f99163d6a31b4ce23bcf244befaf3
  FBAudienceNetwork: e45718b5a5d854c19d7eef32d9f642af719ea07f
  Google-Mobile-Ads-SDK: 3c2a6656117989469bfe7645640aa1de024a4c6c
  mopub-ios-sdk: e46b277cdb77b1745567b419742f77fed6865262
  NativeX-iOS-SDK: c4944ae069c9b1c550e290b2f2d4c2d5ce3204b5
  UnityAds: 717325c6fe6133fe83f7fd0f2993481df559637e
  VungleSDK-iOS: ae0f665177b9473042d36a67816a17a6ea33298b

PODFILE CHECKSUM: 1391e0acb2e2a2f4a0d86d60a9be84de807de709

COCOAPODS: 1.0.1
