// !$*UTF8*$!
{
	archiveVersion = 1;
	classes = {
	};
	objectVersion = 46;
	objects = {

/* Begin PBXBuildFile section */
		035284976FA4497F04403994 /* libPods-AmpiriSDKDemoAppSwift.a in Frameworks */ = {isa = PBXBuildFile; fileRef = 4422879814DE1F695B0355EB /* libPods-AmpiriSDKDemoAppSwift.a */; };
		480DDE8B1D2D5D370070C222 /* AMPDataUnit.m in Sources */ = {isa = PBXBuildFile; fileRef = 4827581C1D2D35E500FC0921 /* AMPDataUnit.m */; };
		480DDE8C1D2D5D370070C222 /* AMPDataUnitManager.m in Sources */ = {isa = PBXBuildFile; fileRef = 4827581E1D2D35E500FC0921 /* AMPDataUnitManager.m */; };
		4827581F1D2D35E500FC0921 /* AMPDataUnit.m in Sources */ = {isa = PBXBuildFile; fileRef = 4827581C1D2D35E500FC0921 /* AMPDataUnit.m */; };
		482758201D2D35E500FC0921 /* AMPDataUnitManager.m in Sources */ = {isa = PBXBuildFile; fileRef = 4827581E1D2D35E500FC0921 /* AMPDataUnitManager.m */; };
		4856EDD61D06CBDE008E68F8 /* CollectionCircleLayoutAttributes.m in Sources */ = {isa = PBXBuildFile; fileRef = 4856EDD31D06CBDE008E68F8 /* CollectionCircleLayoutAttributes.m */; };
		4856EDD71D06CBDE008E68F8 /* CollectionViewCircleLayout.m in Sources */ = {isa = PBXBuildFile; fileRef = 4856EDD51D06CBDE008E68F8 /* CollectionViewCircleLayout.m */; };
		4856EDDC1D06CC7B008E68F8 /* AMPAdContainerCollectionViewCell.m in Sources */ = {isa = PBXBuildFile; fileRef = 4856EDD91D06CC7B008E68F8 /* AMPAdContainerCollectionViewCell.m */; };
		4856EDDD1D06CC7B008E68F8 /* AMPLocationControlCustomCollectionViewCell.m in Sources */ = {isa = PBXBuildFile; fileRef = 4856EDDB1D06CC7B008E68F8 /* AMPLocationControlCustomCollectionViewCell.m */; };
		4856EDE31D0701A4008E68F8 /* CollectionViewLocationControlAdDetailsViewController.swift in Sources */ = {isa = PBXBuildFile; fileRef = 4856EDE11D0701A4008E68F8 /* CollectionViewLocationControlAdDetailsViewController.swift */; };
		4856EDE41D0701A4008E68F8 /* TableViewLocationControlAdDetailsViewController.swift in Sources */ = {isa = PBXBuildFile; fileRef = 4856EDE21D0701A4008E68F8 /* TableViewLocationControlAdDetailsViewController.swift */; };
		4856EDE51D0702BC008E68F8 /* CollectionCircleLayoutAttributes.m in Sources */ = {isa = PBXBuildFile; fileRef = 4856EDD31D06CBDE008E68F8 /* CollectionCircleLayoutAttributes.m */; };
		4856EDE61D0702BC008E68F8 /* CollectionViewCircleLayout.m in Sources */ = {isa = PBXBuildFile; fileRef = 4856EDD51D06CBDE008E68F8 /* CollectionViewCircleLayout.m */; };
		4856EDE71D070405008E68F8 /* AMPLocationControlCustomCollectionViewCell.m in Sources */ = {isa = PBXBuildFile; fileRef = 4856EDDB1D06CC7B008E68F8 /* AMPLocationControlCustomCollectionViewCell.m */; };
		4856EDE81D070422008E68F8 /* AMPAdContainerCollectionViewCell.m in Sources */ = {isa = PBXBuildFile; fileRef = 4856EDD91D06CC7B008E68F8 /* AMPAdContainerCollectionViewCell.m */; };
		7FBB4B441CA414F9002F7E15 /* AppDelegate.m in Sources */ = {isa = PBXBuildFile; fileRef = 7FBB4B291CA414F9002F7E15 /* AppDelegate.m */; };
		7FBB4B451CA414F9002F7E15 /* LaunchScreen.xib in Resources */ = {isa = PBXBuildFile; fileRef = 7FBB4B2A1CA414F9002F7E15 /* LaunchScreen.xib */; };
		7FBB4B461CA414F9002F7E15 /* Images.xcassets in Resources */ = {isa = PBXBuildFile; fileRef = 7FBB4B2C1CA414F9002F7E15 /* Images.xcassets */; };
		7FBB4B481CA414F9002F7E15 /* main.m in Sources */ = {isa = PBXBuildFile; fileRef = 7FBB4B2E1CA414F9002F7E15 /* main.m */; };
		7FBB4B491CA414F9002F7E15 /* Main.storyboard in Resources */ = {isa = PBXBuildFile; fileRef = 7FBB4B2F1CA414F9002F7E15 /* Main.storyboard */; };
		7FBB4B4A1CA414F9002F7E15 /* AMPBannersDetailViewController.m in Sources */ = {isa = PBXBuildFile; fileRef = 7FBB4B321CA414F9002F7E15 /* AMPBannersDetailViewController.m */; };
		7FBB4B4B1CA414F9002F7E15 /* AMPFullscreensDetailViewController.m in Sources */ = {isa = PBXBuildFile; fileRef = 7FBB4B341CA414F9002F7E15 /* AMPFullscreensDetailViewController.m */; };
		7FBB4B4C1CA414F9002F7E15 /* AMPMasterTableViewController.m in Sources */ = {isa = PBXBuildFile; fileRef = 7FBB4B361CA414F9002F7E15 /* AMPMasterTableViewController.m */; };
		7FBB4B4D1CA414F9002F7E15 /* AMPNativeAdDetailsViewController.m in Sources */ = {isa = PBXBuildFile; fileRef = 7FBB4B391CA414F9002F7E15 /* AMPNativeAdDetailsViewController.m */; };
		7FBB4B4E1CA414F9002F7E15 /* AMPVideosDetailViewController.m in Sources */ = {isa = PBXBuildFile; fileRef = 7FBB4B3B1CA414F9002F7E15 /* AMPVideosDetailViewController.m */; };
		7FBB4B4F1CA414F9002F7E15 /* NativeBannerView.m in Sources */ = {isa = PBXBuildFile; fileRef = 7FBB4B3D1CA414F9002F7E15 /* NativeBannerView.m */; };
		7FBB4B501CA414F9002F7E15 /* NativeBannerView.xib in Resources */ = {isa = PBXBuildFile; fileRef = 7FBB4B3E1CA414F9002F7E15 /* NativeBannerView.xib */; };
		7FBB4B511CA414F9002F7E15 /* NativePlusView.m in Sources */ = {isa = PBXBuildFile; fileRef = 7FBB4B401CA414F9002F7E15 /* NativePlusView.m */; };
		7FBB4B521CA414F9002F7E15 /* NativePlusView.xib in Resources */ = {isa = PBXBuildFile; fileRef = 7FBB4B411CA414F9002F7E15 /* NativePlusView.xib */; };
		7FBB4B531CA414F9002F7E15 /* UIViewController+AMPLoadFromSroryboard.m in Sources */ = {isa = PBXBuildFile; fileRef = 7FBB4B431CA414F9002F7E15 /* UIViewController+AMPLoadFromSroryboard.m */; };
		869E3FB09D65C005EAA50731 /* libPods-AmpiriSDKDemoApp.a in Frameworks */ = {isa = PBXBuildFile; fileRef = 10008039745A1979802EE2F3 /* libPods-AmpiriSDKDemoApp.a */; };
		BF2CB9B61CEDBEDB00176530 /* AppDelegate.swift in Sources */ = {isa = PBXBuildFile; fileRef = BF2CB9B51CEDBEDB00176530 /* AppDelegate.swift */; };
		BF2CB9BB1CEDBEDB00176530 /* Main.storyboard in Resources */ = {isa = PBXBuildFile; fileRef = BF2CB9B91CEDBEDB00176530 /* Main.storyboard */; };
		BF2CB9BD1CEDBEDB00176530 /* Assets.xcassets in Resources */ = {isa = PBXBuildFile; fileRef = BF2CB9BC1CEDBEDB00176530 /* Assets.xcassets */; };
		BF2CB9C01CEDBEDB00176530 /* LaunchScreen.storyboard in Resources */ = {isa = PBXBuildFile; fileRef = BF2CB9BE1CEDBEDB00176530 /* LaunchScreen.storyboard */; };
		BF2CB9C91CEDE53100176530 /* MasterTableViewController.swift in Sources */ = {isa = PBXBuildFile; fileRef = BF2CB9C81CEDE53100176530 /* MasterTableViewController.swift */; };
		BF2CB9CC1CEDE6EE00176530 /* FullscreensDetailViewController.swift in Sources */ = {isa = PBXBuildFile; fileRef = BF2CB9CB1CEDE6EE00176530 /* FullscreensDetailViewController.swift */; };
		BF2CB9CE1CEDE94F00176530 /* VideoDetailViewController.swift in Sources */ = {isa = PBXBuildFile; fileRef = BF2CB9CD1CEDE94F00176530 /* VideoDetailViewController.swift */; };
		BF2CB9D01CEDEA1E00176530 /* BannersDetailViewController.swift in Sources */ = {isa = PBXBuildFile; fileRef = BF2CB9CF1CEDEA1E00176530 /* BannersDetailViewController.swift */; };
		BF2CB9D11CEDF19200176530 /* UIViewController+AMPLoadFromSroryboard.m in Sources */ = {isa = PBXBuildFile; fileRef = 7FBB4B431CA414F9002F7E15 /* UIViewController+AMPLoadFromSroryboard.m */; };
		BF2CB9D21CEDFB4700176530 /* AMPLocationControlCollectionViewCell.m in Sources */ = {isa = PBXBuildFile; fileRef = BF6686641CD8E52800B345ED /* AMPLocationControlCollectionViewCell.m */; };
		BF2CB9D31CEDFB4B00176530 /* AMPLocationControlTableViewCell.m in Sources */ = {isa = PBXBuildFile; fileRef = BF6686661CD8E52800B345ED /* AMPLocationControlTableViewCell.m */; };
		BF2CB9D41CEDFB4F00176530 /* AMPImageView.m in Sources */ = {isa = PBXBuildFile; fileRef = BF66866D1CD8E60700B345ED /* AMPImageView.m */; };
		BF2CB9D71CEDFC0600176530 /* NSDictionary+AMPHasKey.m in Sources */ = {isa = PBXBuildFile; fileRef = BF6686771CD8EBB700B345ED /* NSDictionary+AMPHasKey.m */; };
		BF2CB9D81CEDFC1600176530 /* AMPImageCache.m in Sources */ = {isa = PBXBuildFile; fileRef = BF66866B1CD8E60700B345ED /* AMPImageCache.m */; };
		BF2CB9DF1CEE12F000176530 /* NativePlusView.swift in Sources */ = {isa = PBXBuildFile; fileRef = BF2CB9DE1CEE12F000176530 /* NativePlusView.swift */; };
		BF2CB9E11CEE142C00176530 /* NativeBannerView.swift in Sources */ = {isa = PBXBuildFile; fileRef = BF2CB9E01CEE142C00176530 /* NativeBannerView.swift */; };
		BF2CB9E31CEE149800176530 /* NativeBannerView.xib in Resources */ = {isa = PBXBuildFile; fileRef = BF2CB9E21CEE149800176530 /* NativeBannerView.xib */; };
		BF2CB9E51CEE154300176530 /* NativePlusView.xib in Resources */ = {isa = PBXBuildFile; fileRef = BF2CB9E41CEE154300176530 /* NativePlusView.xib */; };
		BF2CB9E71CEE15E600176530 /* NativeAdDetailsViewController.swift in Sources */ = {isa = PBXBuildFile; fileRef = BF2CB9E61CEE15E600176530 /* NativeAdDetailsViewController.swift */; };
		BF66865A1CD8DF0E00B345ED /* AMPCollectionViewLocationControlAdDetailsViewController.m in Sources */ = {isa = PBXBuildFile; fileRef = BF6686571CD8DF0E00B345ED /* AMPCollectionViewLocationControlAdDetailsViewController.m */; };
		BF66865B1CD8DF0E00B345ED /* AMPTableViewLocationControlAdDetailsViewController.m in Sources */ = {isa = PBXBuildFile; fileRef = BF6686591CD8DF0E00B345ED /* AMPTableViewLocationControlAdDetailsViewController.m */; };
		BF6686671CD8E52800B345ED /* AMPLocationControlCollectionViewCell.m in Sources */ = {isa = PBXBuildFile; fileRef = BF6686641CD8E52800B345ED /* AMPLocationControlCollectionViewCell.m */; };
		BF6686681CD8E52800B345ED /* AMPLocationControlTableViewCell.m in Sources */ = {isa = PBXBuildFile; fileRef = BF6686661CD8E52800B345ED /* AMPLocationControlTableViewCell.m */; };
		BF66866E1CD8E60700B345ED /* AMPImageCache.m in Sources */ = {isa = PBXBuildFile; fileRef = BF66866B1CD8E60700B345ED /* AMPImageCache.m */; };
		BF66866F1CD8E60700B345ED /* AMPImageView.m in Sources */ = {isa = PBXBuildFile; fileRef = BF66866D1CD8E60700B345ED /* AMPImageView.m */; };
		BF6686781CD8EBB700B345ED /* NSDictionary+AMPHasKey.m in Sources */ = {isa = PBXBuildFile; fileRef = BF6686771CD8EBB700B345ED /* NSDictionary+AMPHasKey.m */; };
/* End PBXBuildFile section */

/* Begin PBXFileReference section */
		10008039745A1979802EE2F3 /* libPods-AmpiriSDKDemoApp.a */ = {isa = PBXFileReference; explicitFileType = archive.ar; includeInIndex = 0; path = "libPods-AmpiriSDKDemoApp.a"; sourceTree = BUILT_PRODUCTS_DIR; };
		243D3F0E5B4E7B6605940856 /* Pods-AmpiriSDKDemoAppSwift.release.xcconfig */ = {isa = PBXFileReference; includeInIndex = 1; lastKnownFileType = text.xcconfig; name = "Pods-AmpiriSDKDemoAppSwift.release.xcconfig"; path = "Pods/Target Support Files/Pods-AmpiriSDKDemoAppSwift/Pods-AmpiriSDKDemoAppSwift.release.xcconfig"; sourceTree = "<group>"; };
		4422879814DE1F695B0355EB /* libPods-AmpiriSDKDemoAppSwift.a */ = {isa = PBXFileReference; explicitFileType = archive.ar; includeInIndex = 0; path = "libPods-AmpiriSDKDemoAppSwift.a"; sourceTree = BUILT_PRODUCTS_DIR; };
		4827581B1D2D35E500FC0921 /* AMPDataUnit.h */ = {isa = PBXFileReference; fileEncoding = 4; lastKnownFileType = sourcecode.c.h; path = AMPDataUnit.h; sourceTree = "<group>"; };
		4827581C1D2D35E500FC0921 /* AMPDataUnit.m */ = {isa = PBXFileReference; fileEncoding = 4; lastKnownFileType = sourcecode.c.objc; path = AMPDataUnit.m; sourceTree = "<group>"; };
		4827581D1D2D35E500FC0921 /* AMPDataUnitManager.h */ = {isa = PBXFileReference; fileEncoding = 4; lastKnownFileType = sourcecode.c.h; path = AMPDataUnitManager.h; sourceTree = "<group>"; };
		4827581E1D2D35E500FC0921 /* AMPDataUnitManager.m */ = {isa = PBXFileReference; fileEncoding = 4; lastKnownFileType = sourcecode.c.objc; path = AMPDataUnitManager.m; sourceTree = "<group>"; };
		4856EDD21D06CBDE008E68F8 /* CollectionCircleLayoutAttributes.h */ = {isa = PBXFileReference; fileEncoding = 4; lastKnownFileType = sourcecode.c.h; path = CollectionCircleLayoutAttributes.h; sourceTree = "<group>"; };
		4856EDD31D06CBDE008E68F8 /* CollectionCircleLayoutAttributes.m */ = {isa = PBXFileReference; fileEncoding = 4; lastKnownFileType = sourcecode.c.objc; path = CollectionCircleLayoutAttributes.m; sourceTree = "<group>"; };
		4856EDD41D06CBDE008E68F8 /* CollectionViewCircleLayout.h */ = {isa = PBXFileReference; fileEncoding = 4; lastKnownFileType = sourcecode.c.h; path = CollectionViewCircleLayout.h; sourceTree = "<group>"; };
		4856EDD51D06CBDE008E68F8 /* CollectionViewCircleLayout.m */ = {isa = PBXFileReference; fileEncoding = 4; lastKnownFileType = sourcecode.c.objc; path = CollectionViewCircleLayout.m; sourceTree = "<group>"; };
		4856EDD81D06CC7B008E68F8 /* AMPAdContainerCollectionViewCell.h */ = {isa = PBXFileReference; fileEncoding = 4; lastKnownFileType = sourcecode.c.h; path = AMPAdContainerCollectionViewCell.h; sourceTree = "<group>"; };
		4856EDD91D06CC7B008E68F8 /* AMPAdContainerCollectionViewCell.m */ = {isa = PBXFileReference; fileEncoding = 4; lastKnownFileType = sourcecode.c.objc; path = AMPAdContainerCollectionViewCell.m; sourceTree = "<group>"; };
		4856EDDA1D06CC7B008E68F8 /* AMPLocationControlCustomCollectionViewCell.h */ = {isa = PBXFileReference; fileEncoding = 4; lastKnownFileType = sourcecode.c.h; path = AMPLocationControlCustomCollectionViewCell.h; sourceTree = "<group>"; };
		4856EDDB1D06CC7B008E68F8 /* AMPLocationControlCustomCollectionViewCell.m */ = {isa = PBXFileReference; fileEncoding = 4; lastKnownFileType = sourcecode.c.objc; path = AMPLocationControlCustomCollectionViewCell.m; sourceTree = "<group>"; };
		4856EDE11D0701A4008E68F8 /* CollectionViewLocationControlAdDetailsViewController.swift */ = {isa = PBXFileReference; fileEncoding = 4; lastKnownFileType = sourcecode.swift; path = CollectionViewLocationControlAdDetailsViewController.swift; sourceTree = "<group>"; };
		4856EDE21D0701A4008E68F8 /* TableViewLocationControlAdDetailsViewController.swift */ = {isa = PBXFileReference; fileEncoding = 4; lastKnownFileType = sourcecode.swift; path = TableViewLocationControlAdDetailsViewController.swift; sourceTree = "<group>"; };
		7FBB4B281CA414F9002F7E15 /* AppDelegate.h */ = {isa = PBXFileReference; fileEncoding = 4; lastKnownFileType = sourcecode.c.h; path = AppDelegate.h; sourceTree = "<group>"; };
		7FBB4B291CA414F9002F7E15 /* AppDelegate.m */ = {isa = PBXFileReference; fileEncoding = 4; lastKnownFileType = sourcecode.c.objc; path = AppDelegate.m; sourceTree = "<group>"; };
		7FBB4B2B1CA414F9002F7E15 /* Base */ = {isa = PBXFileReference; lastKnownFileType = file.xib; name = Base; path = Base.lproj/LaunchScreen.xib; sourceTree = "<group>"; };
		7FBB4B2C1CA414F9002F7E15 /* Images.xcassets */ = {isa = PBXFileReference; lastKnownFileType = folder.assetcatalog; path = Images.xcassets; sourceTree = "<group>"; };
		7FBB4B2D1CA414F9002F7E15 /* Info.plist */ = {isa = PBXFileReference; fileEncoding = 4; lastKnownFileType = text.plist.xml; path = Info.plist; sourceTree = "<group>"; };
		7FBB4B2E1CA414F9002F7E15 /* main.m */ = {isa = PBXFileReference; fileEncoding = 4; lastKnownFileType = sourcecode.c.objc; path = main.m; sourceTree = "<group>"; };
		7FBB4B2F1CA414F9002F7E15 /* Main.storyboard */ = {isa = PBXFileReference; fileEncoding = 4; lastKnownFileType = file.storyboard; path = Main.storyboard; sourceTree = "<group>"; };
		7FBB4B311CA414F9002F7E15 /* AMPBannersDetailViewController.h */ = {isa = PBXFileReference; fileEncoding = 4; lastKnownFileType = sourcecode.c.h; path = AMPBannersDetailViewController.h; sourceTree = "<group>"; };
		7FBB4B321CA414F9002F7E15 /* AMPBannersDetailViewController.m */ = {isa = PBXFileReference; fileEncoding = 4; lastKnownFileType = sourcecode.c.objc; path = AMPBannersDetailViewController.m; sourceTree = "<group>"; };
		7FBB4B331CA414F9002F7E15 /* AMPFullscreensDetailViewController.h */ = {isa = PBXFileReference; fileEncoding = 4; lastKnownFileType = sourcecode.c.h; path = AMPFullscreensDetailViewController.h; sourceTree = "<group>"; };
		7FBB4B341CA414F9002F7E15 /* AMPFullscreensDetailViewController.m */ = {isa = PBXFileReference; fileEncoding = 4; lastKnownFileType = sourcecode.c.objc; path = AMPFullscreensDetailViewController.m; sourceTree = "<group>"; };
		7FBB4B351CA414F9002F7E15 /* AMPMasterTableViewController.h */ = {isa = PBXFileReference; fileEncoding = 4; lastKnownFileType = sourcecode.c.h; path = AMPMasterTableViewController.h; sourceTree = "<group>"; };
		7FBB4B361CA414F9002F7E15 /* AMPMasterTableViewController.m */ = {isa = PBXFileReference; fileEncoding = 4; lastKnownFileType = sourcecode.c.objc; path = AMPMasterTableViewController.m; sourceTree = "<group>"; };
		7FBB4B381CA414F9002F7E15 /* AMPNativeAdDetailsViewController.h */ = {isa = PBXFileReference; fileEncoding = 4; lastKnownFileType = sourcecode.c.h; path = AMPNativeAdDetailsViewController.h; sourceTree = "<group>"; };
		7FBB4B391CA414F9002F7E15 /* AMPNativeAdDetailsViewController.m */ = {isa = PBXFileReference; fileEncoding = 4; lastKnownFileType = sourcecode.c.objc; path = AMPNativeAdDetailsViewController.m; sourceTree = "<group>"; };
		7FBB4B3A1CA414F9002F7E15 /* AMPVideosDetailViewController.h */ = {isa = PBXFileReference; fileEncoding = 4; lastKnownFileType = sourcecode.c.h; path = AMPVideosDetailViewController.h; sourceTree = "<group>"; };
		7FBB4B3B1CA414F9002F7E15 /* AMPVideosDetailViewController.m */ = {isa = PBXFileReference; fileEncoding = 4; lastKnownFileType = sourcecode.c.objc; path = AMPVideosDetailViewController.m; sourceTree = "<group>"; };
		7FBB4B3C1CA414F9002F7E15 /* NativeBannerView.h */ = {isa = PBXFileReference; fileEncoding = 4; lastKnownFileType = sourcecode.c.h; path = NativeBannerView.h; sourceTree = "<group>"; };
		7FBB4B3D1CA414F9002F7E15 /* NativeBannerView.m */ = {isa = PBXFileReference; fileEncoding = 4; lastKnownFileType = sourcecode.c.objc; path = NativeBannerView.m; sourceTree = "<group>"; };
		7FBB4B3E1CA414F9002F7E15 /* NativeBannerView.xib */ = {isa = PBXFileReference; fileEncoding = 4; lastKnownFileType = file.xib; path = NativeBannerView.xib; sourceTree = "<group>"; };
		7FBB4B3F1CA414F9002F7E15 /* NativePlusView.h */ = {isa = PBXFileReference; fileEncoding = 4; lastKnownFileType = sourcecode.c.h; path = NativePlusView.h; sourceTree = "<group>"; };
		7FBB4B401CA414F9002F7E15 /* NativePlusView.m */ = {isa = PBXFileReference; fileEncoding = 4; lastKnownFileType = sourcecode.c.objc; path = NativePlusView.m; sourceTree = "<group>"; };
		7FBB4B411CA414F9002F7E15 /* NativePlusView.xib */ = {isa = PBXFileReference; fileEncoding = 4; lastKnownFileType = file.xib; path = NativePlusView.xib; sourceTree = "<group>"; };
		7FBB4B421CA414F9002F7E15 /* UIViewController+AMPLoadFromSroryboard.h */ = {isa = PBXFileReference; fileEncoding = 4; lastKnownFileType = sourcecode.c.h; path = "UIViewController+AMPLoadFromSroryboard.h"; sourceTree = "<group>"; };
		7FBB4B431CA414F9002F7E15 /* UIViewController+AMPLoadFromSroryboard.m */ = {isa = PBXFileReference; fileEncoding = 4; lastKnownFileType = sourcecode.c.objc; path = "UIViewController+AMPLoadFromSroryboard.m"; sourceTree = "<group>"; };
		87C8667ABF8086CBAD89142B /* Pods-AmpiriSDKDemoApp.release.xcconfig */ = {isa = PBXFileReference; includeInIndex = 1; lastKnownFileType = text.xcconfig; name = "Pods-AmpiriSDKDemoApp.release.xcconfig"; path = "Pods/Target Support Files/Pods-AmpiriSDKDemoApp/Pods-AmpiriSDKDemoApp.release.xcconfig"; sourceTree = "<group>"; };
		9016A0171CA422CE00120744 /* AmpiriSDKDemoApp.pch */ = {isa = PBXFileReference; fileEncoding = 4; lastKnownFileType = sourcecode.c.h; path = AmpiriSDKDemoApp.pch; sourceTree = "<group>"; };
		905097CC1C0F026E00C96364 /* AmpiriSDKDemoApp.app */ = {isa = PBXFileReference; explicitFileType = wrapper.application; includeInIndex = 0; path = AmpiriSDKDemoApp.app; sourceTree = BUILT_PRODUCTS_DIR; };
		9404BDCCFE487A2D7601723B /* Pods-AmpiriSDKDemoApp.debug.xcconfig */ = {isa = PBXFileReference; includeInIndex = 1; lastKnownFileType = text.xcconfig; name = "Pods-AmpiriSDKDemoApp.debug.xcconfig"; path = "Pods/Target Support Files/Pods-AmpiriSDKDemoApp/Pods-AmpiriSDKDemoApp.debug.xcconfig"; sourceTree = "<group>"; };
		AC8D928D79781E1488459F47 /* Pods-AmpiriSDKDemoAppSwift.debug.xcconfig */ = {isa = PBXFileReference; includeInIndex = 1; lastKnownFileType = text.xcconfig; name = "Pods-AmpiriSDKDemoAppSwift.debug.xcconfig"; path = "Pods/Target Support Files/Pods-AmpiriSDKDemoAppSwift/Pods-AmpiriSDKDemoAppSwift.debug.xcconfig"; sourceTree = "<group>"; };
		BF2CB9B31CEDBEDB00176530 /* AmpiriSDKDemoAppSwift.app */ = {isa = PBXFileReference; explicitFileType = wrapper.application; includeInIndex = 0; path = AmpiriSDKDemoAppSwift.app; sourceTree = BUILT_PRODUCTS_DIR; };
		BF2CB9B51CEDBEDB00176530 /* AppDelegate.swift */ = {isa = PBXFileReference; lastKnownFileType = sourcecode.swift; path = AppDelegate.swift; sourceTree = "<group>"; };
		BF2CB9BA1CEDBEDB00176530 /* Base */ = {isa = PBXFileReference; lastKnownFileType = file.storyboard; name = Base; path = Base.lproj/Main.storyboard; sourceTree = "<group>"; };
		BF2CB9BC1CEDBEDB00176530 /* Assets.xcassets */ = {isa = PBXFileReference; lastKnownFileType = folder.assetcatalog; path = Assets.xcassets; sourceTree = "<group>"; };
		BF2CB9BF1CEDBEDB00176530 /* Base */ = {isa = PBXFileReference; lastKnownFileType = file.storyboard; name = Base; path = Base.lproj/LaunchScreen.storyboard; sourceTree = "<group>"; };
		BF2CB9C11CEDBEDB00176530 /* Info.plist */ = {isa = PBXFileReference; lastKnownFileType = text.plist.xml; path = Info.plist; sourceTree = "<group>"; };
		BF2CB9C61CEDC06000176530 /* ObjectiveCBridge.h */ = {isa = PBXFileReference; fileEncoding = 4; lastKnownFileType = sourcecode.c.h; path = ObjectiveCBridge.h; sourceTree = "<group>"; };
		BF2CB9C81CEDE53100176530 /* MasterTableViewController.swift */ = {isa = PBXFileReference; fileEncoding = 4; lastKnownFileType = sourcecode.swift; path = MasterTableViewController.swift; sourceTree = "<group>"; };
		BF2CB9CB1CEDE6EE00176530 /* FullscreensDetailViewController.swift */ = {isa = PBXFileReference; fileEncoding = 4; lastKnownFileType = sourcecode.swift; path = FullscreensDetailViewController.swift; sourceTree = "<group>"; };
		BF2CB9CD1CEDE94F00176530 /* VideoDetailViewController.swift */ = {isa = PBXFileReference; fileEncoding = 4; lastKnownFileType = sourcecode.swift; path = VideoDetailViewController.swift; sourceTree = "<group>"; };
		BF2CB9CF1CEDEA1E00176530 /* BannersDetailViewController.swift */ = {isa = PBXFileReference; fileEncoding = 4; lastKnownFileType = sourcecode.swift; path = BannersDetailViewController.swift; sourceTree = "<group>"; };
		BF2CB9DE1CEE12F000176530 /* NativePlusView.swift */ = {isa = PBXFileReference; fileEncoding = 4; lastKnownFileType = sourcecode.swift; path = NativePlusView.swift; sourceTree = "<group>"; };
		BF2CB9E01CEE142C00176530 /* NativeBannerView.swift */ = {isa = PBXFileReference; fileEncoding = 4; lastKnownFileType = sourcecode.swift; path = NativeBannerView.swift; sourceTree = "<group>"; };
		BF2CB9E21CEE149800176530 /* NativeBannerView.xib */ = {isa = PBXFileReference; fileEncoding = 4; lastKnownFileType = file.xib; path = NativeBannerView.xib; sourceTree = "<group>"; };
		BF2CB9E41CEE154300176530 /* NativePlusView.xib */ = {isa = PBXFileReference; fileEncoding = 4; lastKnownFileType = file.xib; path = NativePlusView.xib; sourceTree = "<group>"; };
		BF2CB9E61CEE15E600176530 /* NativeAdDetailsViewController.swift */ = {isa = PBXFileReference; fileEncoding = 4; lastKnownFileType = sourcecode.swift; path = NativeAdDetailsViewController.swift; sourceTree = "<group>"; };
		BF6686561CD8DF0E00B345ED /* AMPCollectionViewLocationControlAdDetailsViewController.h */ = {isa = PBXFileReference; fileEncoding = 4; lastKnownFileType = sourcecode.c.h; path = AMPCollectionViewLocationControlAdDetailsViewController.h; sourceTree = "<group>"; };
		BF6686571CD8DF0E00B345ED /* AMPCollectionViewLocationControlAdDetailsViewController.m */ = {isa = PBXFileReference; fileEncoding = 4; lastKnownFileType = sourcecode.c.objc; path = AMPCollectionViewLocationControlAdDetailsViewController.m; sourceTree = "<group>"; };
		BF6686581CD8DF0E00B345ED /* AMPTableViewLocationControlAdDetailsViewController.h */ = {isa = PBXFileReference; fileEncoding = 4; lastKnownFileType = sourcecode.c.h; path = AMPTableViewLocationControlAdDetailsViewController.h; sourceTree = "<group>"; };
		BF6686591CD8DF0E00B345ED /* AMPTableViewLocationControlAdDetailsViewController.m */ = {isa = PBXFileReference; fileEncoding = 4; lastKnownFileType = sourcecode.c.objc; path = AMPTableViewLocationControlAdDetailsViewController.m; sourceTree = "<group>"; };
		BF6686631CD8E52800B345ED /* AMPLocationControlCollectionViewCell.h */ = {isa = PBXFileReference; fileEncoding = 4; lastKnownFileType = sourcecode.c.h; path = AMPLocationControlCollectionViewCell.h; sourceTree = "<group>"; };
		BF6686641CD8E52800B345ED /* AMPLocationControlCollectionViewCell.m */ = {isa = PBXFileReference; fileEncoding = 4; lastKnownFileType = sourcecode.c.objc; path = AMPLocationControlCollectionViewCell.m; sourceTree = "<group>"; };
		BF6686651CD8E52800B345ED /* AMPLocationControlTableViewCell.h */ = {isa = PBXFileReference; fileEncoding = 4; lastKnownFileType = sourcecode.c.h; path = AMPLocationControlTableViewCell.h; sourceTree = "<group>"; };
		BF6686661CD8E52800B345ED /* AMPLocationControlTableViewCell.m */ = {isa = PBXFileReference; fileEncoding = 4; lastKnownFileType = sourcecode.c.objc; path = AMPLocationControlTableViewCell.m; sourceTree = "<group>"; };
		BF66866A1CD8E60700B345ED /* AMPImageCache.h */ = {isa = PBXFileReference; fileEncoding = 4; lastKnownFileType = sourcecode.c.h; path = AMPImageCache.h; sourceTree = "<group>"; };
		BF66866B1CD8E60700B345ED /* AMPImageCache.m */ = {isa = PBXFileReference; fileEncoding = 4; lastKnownFileType = sourcecode.c.objc; path = AMPImageCache.m; sourceTree = "<group>"; };
		BF66866C1CD8E60700B345ED /* AMPImageView.h */ = {isa = PBXFileReference; fileEncoding = 4; lastKnownFileType = sourcecode.c.h; path = AMPImageView.h; sourceTree = "<group>"; };
		BF66866D1CD8E60700B345ED /* AMPImageView.m */ = {isa = PBXFileReference; fileEncoding = 4; lastKnownFileType = sourcecode.c.objc; path = AMPImageView.m; sourceTree = "<group>"; };
		BF6686761CD8EBB700B345ED /* NSDictionary+AMPHasKey.h */ = {isa = PBXFileReference; fileEncoding = 4; lastKnownFileType = sourcecode.c.h; path = "NSDictionary+AMPHasKey.h"; sourceTree = "<group>"; };
		BF6686771CD8EBB700B345ED /* NSDictionary+AMPHasKey.m */ = {isa = PBXFileReference; fileEncoding = 4; lastKnownFileType = sourcecode.c.objc; path = "NSDictionary+AMPHasKey.m"; sourceTree = "<group>"; };
/* End PBXFileReference section */

/* Begin PBXFrameworksBuildPhase section */
		905097C91C0F026E00C96364 /* Frameworks */ = {
			isa = PBXFrameworksBuildPhase;
			buildActionMask = 2147483647;
			files = (
				869E3FB09D65C005EAA50731 /* libPods-AmpiriSDKDemoApp.a in Frameworks */,
			);
			runOnlyForDeploymentPostprocessing = 0;
		};
		BF2CB9B01CEDBEDB00176530 /* Frameworks */ = {
			isa = PBXFrameworksBuildPhase;
			buildActionMask = 2147483647;
			files = (
				035284976FA4497F04403994 /* libPods-AmpiriSDKDemoAppSwift.a in Frameworks */,
			);
			runOnlyForDeploymentPostprocessing = 0;
		};
/* End PBXFrameworksBuildPhase section */

/* Begin PBXGroup section */
		17718C2BB19243D64504CE3F /* Frameworks */ = {
			isa = PBXGroup;
			children = (
				10008039745A1979802EE2F3 /* libPods-AmpiriSDKDemoApp.a */,
				4422879814DE1F695B0355EB /* libPods-AmpiriSDKDemoAppSwift.a */,
			);
			name = Frameworks;
			sourceTree = "<group>";
		};
		4856EDD11D06CBCA008E68F8 /* Layouts */ = {
			isa = PBXGroup;
			children = (
				4856EDD21D06CBDE008E68F8 /* CollectionCircleLayoutAttributes.h */,
				4856EDD31D06CBDE008E68F8 /* CollectionCircleLayoutAttributes.m */,
				4856EDD41D06CBDE008E68F8 /* CollectionViewCircleLayout.h */,
				4856EDD51D06CBDE008E68F8 /* CollectionViewCircleLayout.m */,
			);
			name = Layouts;
			sourceTree = "<group>";
		};
		7FBB4B271CA414F9002F7E15 /* AmpiriSDKDemoApp */ = {
			isa = PBXGroup;
			children = (
				7FBB4B281CA414F9002F7E15 /* AppDelegate.h */,
				7FBB4B291CA414F9002F7E15 /* AppDelegate.m */,
				4856EDD11D06CBCA008E68F8 /* Layouts */,
				BF6686691CD8E5D400B345ED /* Data */,
				7FBB4B571CA41560002F7E15 /* Utils */,
				7FBB4B561CA41549002F7E15 /* Views */,
				7FBB4B541CA41507002F7E15 /* Controllers */,
				7FBB4B581CA4156D002F7E15 /* Supporting Files */,
				7FBB4B2C1CA414F9002F7E15 /* Images.xcassets */,
				7FBB4B2F1CA414F9002F7E15 /* Main.storyboard */,
			);
			path = AmpiriSDKDemoApp;
			sourceTree = "<group>";
		};
		7FBB4B541CA41507002F7E15 /* Controllers */ = {
			isa = PBXGroup;
			children = (
				7FBB4B551CA41538002F7E15 /* Detail */,
				7FBB4B351CA414F9002F7E15 /* AMPMasterTableViewController.h */,
				7FBB4B361CA414F9002F7E15 /* AMPMasterTableViewController.m */,
			);
			name = Controllers;
			sourceTree = "<group>";
		};
		7FBB4B551CA41538002F7E15 /* Detail */ = {
			isa = PBXGroup;
			children = (
				BF6686561CD8DF0E00B345ED /* AMPCollectionViewLocationControlAdDetailsViewController.h */,
				BF6686571CD8DF0E00B345ED /* AMPCollectionViewLocationControlAdDetailsViewController.m */,
				BF6686581CD8DF0E00B345ED /* AMPTableViewLocationControlAdDetailsViewController.h */,
				BF6686591CD8DF0E00B345ED /* AMPTableViewLocationControlAdDetailsViewController.m */,
				7FBB4B381CA414F9002F7E15 /* AMPNativeAdDetailsViewController.h */,
				7FBB4B391CA414F9002F7E15 /* AMPNativeAdDetailsViewController.m */,
				7FBB4B3A1CA414F9002F7E15 /* AMPVideosDetailViewController.h */,
				7FBB4B3B1CA414F9002F7E15 /* AMPVideosDetailViewController.m */,
				7FBB4B311CA414F9002F7E15 /* AMPBannersDetailViewController.h */,
				7FBB4B321CA414F9002F7E15 /* AMPBannersDetailViewController.m */,
				7FBB4B331CA414F9002F7E15 /* AMPFullscreensDetailViewController.h */,
				7FBB4B341CA414F9002F7E15 /* AMPFullscreensDetailViewController.m */,
			);
			name = Detail;
			sourceTree = "<group>";
		};
		7FBB4B561CA41549002F7E15 /* Views */ = {
			isa = PBXGroup;
			children = (
				BF6686621CD8E4E400B345ED /* FeedCells */,
				BF66866C1CD8E60700B345ED /* AMPImageView.h */,
				BF66866D1CD8E60700B345ED /* AMPImageView.m */,
				7FBB4B3C1CA414F9002F7E15 /* NativeBannerView.h */,
				7FBB4B3D1CA414F9002F7E15 /* NativeBannerView.m */,
				7FBB4B3E1CA414F9002F7E15 /* NativeBannerView.xib */,
				7FBB4B3F1CA414F9002F7E15 /* NativePlusView.h */,
				7FBB4B401CA414F9002F7E15 /* NativePlusView.m */,
				7FBB4B411CA414F9002F7E15 /* NativePlusView.xib */,
			);
			name = Views;
			sourceTree = "<group>";
		};
		7FBB4B571CA41560002F7E15 /* Utils */ = {
			isa = PBXGroup;
			children = (
				BF6686761CD8EBB700B345ED /* NSDictionary+AMPHasKey.h */,
				BF6686771CD8EBB700B345ED /* NSDictionary+AMPHasKey.m */,
				BF66866A1CD8E60700B345ED /* AMPImageCache.h */,
				BF66866B1CD8E60700B345ED /* AMPImageCache.m */,
				7FBB4B421CA414F9002F7E15 /* UIViewController+AMPLoadFromSroryboard.h */,
				7FBB4B431CA414F9002F7E15 /* UIViewController+AMPLoadFromSroryboard.m */,
			);
			name = Utils;
			sourceTree = "<group>";
		};
		7FBB4B581CA4156D002F7E15 /* Supporting Files */ = {
			isa = PBXGroup;
			children = (
				9016A0171CA422CE00120744 /* AmpiriSDKDemoApp.pch */,
				7FBB4B2A1CA414F9002F7E15 /* LaunchScreen.xib */,
				7FBB4B2D1CA414F9002F7E15 /* Info.plist */,
				7FBB4B2E1CA414F9002F7E15 /* main.m */,
			);
			name = "Supporting Files";
			sourceTree = "<group>";
		};
		905097C31C0F026E00C96364 = {
			isa = PBXGroup;
			children = (
				7FBB4B271CA414F9002F7E15 /* AmpiriSDKDemoApp */,
				BF2CB9B41CEDBEDB00176530 /* AmpiriSDKDemoAppSwift */,
				905097CD1C0F026E00C96364 /* Products */,
				B4430A693409229A7E7AA39B /* Pods */,
				17718C2BB19243D64504CE3F /* Frameworks */,
			);
			sourceTree = "<group>";
		};
		905097CD1C0F026E00C96364 /* Products */ = {
			isa = PBXGroup;
			children = (
				905097CC1C0F026E00C96364 /* AmpiriSDKDemoApp.app */,
				BF2CB9B31CEDBEDB00176530 /* AmpiriSDKDemoAppSwift.app */,
			);
			name = Products;
			sourceTree = "<group>";
		};
		B4430A693409229A7E7AA39B /* Pods */ = {
			isa = PBXGroup;
			children = (
				9404BDCCFE487A2D7601723B /* Pods-AmpiriSDKDemoApp.debug.xcconfig */,
				87C8667ABF8086CBAD89142B /* Pods-AmpiriSDKDemoApp.release.xcconfig */,
				AC8D928D79781E1488459F47 /* Pods-AmpiriSDKDemoAppSwift.debug.xcconfig */,
				243D3F0E5B4E7B6605940856 /* Pods-AmpiriSDKDemoAppSwift.release.xcconfig */,
			);
			name = Pods;
			sourceTree = "<group>";
		};
		BF2CB9B41CEDBEDB00176530 /* AmpiriSDKDemoAppSwift */ = {
			isa = PBXGroup;
			children = (
				BF2CB9DD1CEE030C00176530 /* NativeViews */,
				BF2CB9C71CEDCCDD00176530 /* Contollers */,
				BF2CB9C51CEDBEE700176530 /* Supporting Files */,
				BF2CB9B51CEDBEDB00176530 /* AppDelegate.swift */,
				BF2CB9B91CEDBEDB00176530 /* Main.storyboard */,
				BF2CB9BC1CEDBEDB00176530 /* Assets.xcassets */,
			);
			path = AmpiriSDKDemoAppSwift;
			sourceTree = "<group>";
		};
		BF2CB9C51CEDBEE700176530 /* Supporting Files */ = {
			isa = PBXGroup;
			children = (
				BF2CB9BE1CEDBEDB00176530 /* LaunchScreen.storyboard */,
				BF2CB9C11CEDBEDB00176530 /* Info.plist */,
				BF2CB9C61CEDC06000176530 /* ObjectiveCBridge.h */,
			);
			name = "Supporting Files";
			sourceTree = "<group>";
		};
		BF2CB9C71CEDCCDD00176530 /* Contollers */ = {
			isa = PBXGroup;
			children = (
				BF2CB9CA1CEDE6CE00176530 /* Detail */,
				BF2CB9C81CEDE53100176530 /* MasterTableViewController.swift */,
			);
			name = Contollers;
			sourceTree = "<group>";
		};
		BF2CB9CA1CEDE6CE00176530 /* Detail */ = {
			isa = PBXGroup;
			children = (
				BF2CB9CB1CEDE6EE00176530 /* FullscreensDetailViewController.swift */,
				BF2CB9CD1CEDE94F00176530 /* VideoDetailViewController.swift */,
				BF2CB9CF1CEDEA1E00176530 /* BannersDetailViewController.swift */,
				BF2CB9E61CEE15E600176530 /* NativeAdDetailsViewController.swift */,
				4856EDE11D0701A4008E68F8 /* CollectionViewLocationControlAdDetailsViewController.swift */,
				4856EDE21D0701A4008E68F8 /* TableViewLocationControlAdDetailsViewController.swift */,
			);
			name = Detail;
			sourceTree = "<group>";
		};
		BF2CB9DD1CEE030C00176530 /* NativeViews */ = {
			isa = PBXGroup;
			children = (
				BF2CB9DE1CEE12F000176530 /* NativePlusView.swift */,
				BF2CB9E01CEE142C00176530 /* NativeBannerView.swift */,
				BF2CB9E21CEE149800176530 /* NativeBannerView.xib */,
				BF2CB9E41CEE154300176530 /* NativePlusView.xib */,
			);
			name = NativeViews;
			sourceTree = "<group>";
		};
		BF6686621CD8E4E400B345ED /* FeedCells */ = {
			isa = PBXGroup;
			children = (
				BF6686631CD8E52800B345ED /* AMPLocationControlCollectionViewCell.h */,
				BF6686641CD8E52800B345ED /* AMPLocationControlCollectionViewCell.m */,
				BF6686651CD8E52800B345ED /* AMPLocationControlTableViewCell.h */,
				BF6686661CD8E52800B345ED /* AMPLocationControlTableViewCell.m */,
				4856EDD81D06CC7B008E68F8 /* AMPAdContainerCollectionViewCell.h */,
				4856EDD91D06CC7B008E68F8 /* AMPAdContainerCollectionViewCell.m */,
				4856EDDA1D06CC7B008E68F8 /* AMPLocationControlCustomCollectionViewCell.h */,
				4856EDDB1D06CC7B008E68F8 /* AMPLocationControlCustomCollectionViewCell.m */,
			);
			name = FeedCells;
			sourceTree = "<group>";
		};
		BF6686691CD8E5D400B345ED /* Data */ = {
			isa = PBXGroup;
			children = (
				4827581B1D2D35E500FC0921 /* AMPDataUnit.h */,
				4827581C1D2D35E500FC0921 /* AMPDataUnit.m */,
				4827581D1D2D35E500FC0921 /* AMPDataUnitManager.h */,
				4827581E1D2D35E500FC0921 /* AMPDataUnitManager.m */,
			);
			name = Data;
			sourceTree = "<group>";
		};
/* End PBXGroup section */

/* Begin PBXNativeTarget section */
		905097CB1C0F026E00C96364 /* AmpiriSDKDemoApp */ = {
			isa = PBXNativeTarget;
			buildConfigurationList = 905097E31C0F026E00C96364 /* Build configuration list for PBXNativeTarget "AmpiriSDKDemoApp" */;
			buildPhases = (
				AE7A7D7B470108ABE7625D2A /* [CP] Check Pods Manifest.lock */,
				905097C81C0F026E00C96364 /* Sources */,
				905097C91C0F026E00C96364 /* Frameworks */,
				905097CA1C0F026E00C96364 /* Resources */,
				6BD0F5594DF8BF41FAEF5514 /* [CP] Embed Pods Frameworks */,
				10F366566DB53F8D904BC472 /* [CP] Copy Pods Resources */,
			);
			buildRules = (
			);
			dependencies = (
			);
			name = AmpiriSDKDemoApp;
			productName = MoneytapSDKTestApp;
			productReference = 905097CC1C0F026E00C96364 /* AmpiriSDKDemoApp.app */;
			productType = "com.apple.product-type.application";
		};
		BF2CB9B21CEDBEDB00176530 /* AmpiriSDKDemoAppSwift */ = {
			isa = PBXNativeTarget;
			buildConfigurationList = BF2CB9C41CEDBEDC00176530 /* Build configuration list for PBXNativeTarget "AmpiriSDKDemoAppSwift" */;
			buildPhases = (
				70F23122EE9CAC140A2BE330 /* [CP] Check Pods Manifest.lock */,
				BF2CB9AF1CEDBEDB00176530 /* Sources */,
				BF2CB9B01CEDBEDB00176530 /* Frameworks */,
				BF2CB9B11CEDBEDB00176530 /* Resources */,
				D31EF830F34E863602C6ACDB /* [CP] Embed Pods Frameworks */,
				46F3F7744D210706DD84B736 /* [CP] Copy Pods Resources */,
			);
			buildRules = (
			);
			dependencies = (
			);
			name = AmpiriSDKDemoAppSwift;
			productName = AmpiriSDKDemoAppSwift;
			productReference = BF2CB9B31CEDBEDB00176530 /* AmpiriSDKDemoAppSwift.app */;
			productType = "com.apple.product-type.application";
		};
/* End PBXNativeTarget section */

/* Begin PBXProject section */
		905097C41C0F026E00C96364 /* Project object */ = {
			isa = PBXProject;
			attributes = {
				LastSwiftUpdateCheck = 0730;
				LastUpgradeCheck = 0710;
				ORGANIZATIONNAME = glispa.com;
				TargetAttributes = {
					905097CB1C0F026E00C96364 = {
						CreatedOnToolsVersion = 7.1.1;
						DevelopmentTeam = 7C7H88B9P9;
					};
					BF2CB9B21CEDBEDB00176530 = {
						CreatedOnToolsVersion = 7.3.1;
					};
				};
			};
			buildConfigurationList = 905097C71C0F026E00C96364 /* Build configuration list for PBXProject "AmpiriSDKDemoApp" */;
			compatibilityVersion = "Xcode 3.2";
			developmentRegion = English;
			hasScannedForEncodings = 0;
			knownRegions = (
				en,
				Base,
			);
			mainGroup = 905097C31C0F026E00C96364;
			productRefGroup = 905097CD1C0F026E00C96364 /* Products */;
			projectDirPath = "";
			projectRoot = "";
			targets = (
				905097CB1C0F026E00C96364 /* AmpiriSDKDemoApp */,
				BF2CB9B21CEDBEDB00176530 /* AmpiriSDKDemoAppSwift */,
			);
		};
/* End PBXProject section */

/* Begin PBXResourcesBuildPhase section */
		905097CA1C0F026E00C96364 /* Resources */ = {
			isa = PBXResourcesBuildPhase;
			buildActionMask = 2147483647;
			files = (
				7FBB4B501CA414F9002F7E15 /* NativeBannerView.xib in Resources */,
				7FBB4B451CA414F9002F7E15 /* LaunchScreen.xib in Resources */,
				7FBB4B461CA414F9002F7E15 /* Images.xcassets in Resources */,
				7FBB4B521CA414F9002F7E15 /* NativePlusView.xib in Resources */,
				7FBB4B491CA414F9002F7E15 /* Main.storyboard in Resources */,
			);
			runOnlyForDeploymentPostprocessing = 0;
		};
		BF2CB9B11CEDBEDB00176530 /* Resources */ = {
			isa = PBXResourcesBuildPhase;
			buildActionMask = 2147483647;
			files = (
				BF2CB9E51CEE154300176530 /* NativePlusView.xib in Resources */,
				BF2CB9C01CEDBEDB00176530 /* LaunchScreen.storyboard in Resources */,
				BF2CB9E31CEE149800176530 /* NativeBannerView.xib in Resources */,
				BF2CB9BD1CEDBEDB00176530 /* Assets.xcassets in Resources */,
				BF2CB9BB1CEDBEDB00176530 /* Main.storyboard in Resources */,
			);
			runOnlyForDeploymentPostprocessing = 0;
		};
/* End PBXResourcesBuildPhase section */

/* Begin PBXShellScriptBuildPhase section */
		10F366566DB53F8D904BC472 /* [CP] Copy Pods Resources */ = {
			isa = PBXShellScriptBuildPhase;
			buildActionMask = 2147483647;
			files = (
			);
			inputPaths = (
			);
			name = "[CP] Copy Pods Resources";
			outputPaths = (
			);
			runOnlyForDeploymentPostprocessing = 0;
			shellPath = /bin/sh;
			shellScript = "\"${SRCROOT}/Pods/Target Support Files/Pods-AmpiriSDKDemoApp/Pods-AmpiriSDKDemoApp-resources.sh\"\n";
			showEnvVarsInLog = 0;
		};
		46F3F7744D210706DD84B736 /* [CP] Copy Pods Resources */ = {
			isa = PBXShellScriptBuildPhase;
			buildActionMask = 2147483647;
			files = (
			);
			inputPaths = (
			);
			name = "[CP] Copy Pods Resources";
			outputPaths = (
			);
			runOnlyForDeploymentPostprocessing = 0;
			shellPath = /bin/sh;
			shellScript = "\"${SRCROOT}/Pods/Target Support Files/Pods-AmpiriSDKDemoAppSwift/Pods-AmpiriSDKDemoAppSwift-resources.sh\"\n";
			showEnvVarsInLog = 0;
		};
		6BD0F5594DF8BF41FAEF5514 /* [CP] Embed Pods Frameworks */ = {
			isa = PBXShellScriptBuildPhase;
			buildActionMask = 2147483647;
			files = (
			);
			inputPaths = (
			);
			name = "[CP] Embed Pods Frameworks";
			outputPaths = (
			);
			runOnlyForDeploymentPostprocessing = 0;
			shellPath = /bin/sh;
			shellScript = "\"${SRCROOT}/Pods/Target Support Files/Pods-AmpiriSDKDemoApp/Pods-AmpiriSDKDemoApp-frameworks.sh\"\n";
			showEnvVarsInLog = 0;
		};
		70F23122EE9CAC140A2BE330 /* [CP] Check Pods Manifest.lock */ = {
			isa = PBXShellScriptBuildPhase;
			buildActionMask = 2147483647;
			files = (
			);
			inputPaths = (
			);
			name = "[CP] Check Pods Manifest.lock";
			outputPaths = (
			);
			runOnlyForDeploymentPostprocessing = 0;
			shellPath = /bin/sh;
			shellScript = "diff \"${PODS_ROOT}/../Podfile.lock\" \"${PODS_ROOT}/Manifest.lock\" > /dev/null\nif [[ $? != 0 ]] ; then\n    cat << EOM\nerror: The sandbox is not in sync with the Podfile.lock. Run 'pod install' or update your CocoaPods installation.\nEOM\n    exit 1\nfi\n";
			showEnvVarsInLog = 0;
		};
		AE7A7D7B470108ABE7625D2A /* [CP] Check Pods Manifest.lock */ = {
			isa = PBXShellScriptBuildPhase;
			buildActionMask = 2147483647;
			files = (
			);
			inputPaths = (
			);
			name = "[CP] Check Pods Manifest.lock";
			outputPaths = (
			);
			runOnlyForDeploymentPostprocessing = 0;
			shellPath = /bin/sh;
			shellScript = "diff \"${PODS_ROOT}/../Podfile.lock\" \"${PODS_ROOT}/Manifest.lock\" > /dev/null\nif [[ $? != 0 ]] ; then\n    cat << EOM\nerror: The sandbox is not in sync with the Podfile.lock. Run 'pod install' or update your CocoaPods installation.\nEOM\n    exit 1\nfi\n";
			showEnvVarsInLog = 0;
		};
		D31EF830F34E863602C6ACDB /* [CP] Embed Pods Frameworks */ = {
			isa = PBXShellScriptBuildPhase;
			buildActionMask = 2147483647;
			files = (
			);
			inputPaths = (
			);
			name = "[CP] Embed Pods Frameworks";
			outputPaths = (
			);
			runOnlyForDeploymentPostprocessing = 0;
			shellPath = /bin/sh;
			shellScript = "\"${SRCROOT}/Pods/Target Support Files/Pods-AmpiriSDKDemoAppSwift/Pods-AmpiriSDKDemoAppSwift-frameworks.sh\"\n";
			showEnvVarsInLog = 0;
		};
/* End PBXShellScriptBuildPhase section */

/* Begin PBXSourcesBuildPhase section */
		905097C81C0F026E00C96364 /* Sources */ = {
			isa = PBXSourcesBuildPhase;
			buildActionMask = 2147483647;
			files = (
				BF6686671CD8E52800B345ED /* AMPLocationControlCollectionViewCell.m in Sources */,
				7FBB4B4D1CA414F9002F7E15 /* AMPNativeAdDetailsViewController.m in Sources */,
				4856EDDC1D06CC7B008E68F8 /* AMPAdContainerCollectionViewCell.m in Sources */,
				7FBB4B481CA414F9002F7E15 /* main.m in Sources */,
				4856EDDD1D06CC7B008E68F8 /* AMPLocationControlCustomCollectionViewCell.m in Sources */,
				BF66865B1CD8DF0E00B345ED /* AMPTableViewLocationControlAdDetailsViewController.m in Sources */,
				7FBB4B441CA414F9002F7E15 /* AppDelegate.m in Sources */,
				BF66866F1CD8E60700B345ED /* AMPImageView.m in Sources */,
				BF66865A1CD8DF0E00B345ED /* AMPCollectionViewLocationControlAdDetailsViewController.m in Sources */,
				7FBB4B531CA414F9002F7E15 /* UIViewController+AMPLoadFromSroryboard.m in Sources */,
				4856EDD61D06CBDE008E68F8 /* CollectionCircleLayoutAttributes.m in Sources */,
				BF6686681CD8E52800B345ED /* AMPLocationControlTableViewCell.m in Sources */,
				BF6686781CD8EBB700B345ED /* NSDictionary+AMPHasKey.m in Sources */,
				7FBB4B4E1CA414F9002F7E15 /* AMPVideosDetailViewController.m in Sources */,
				4856EDD71D06CBDE008E68F8 /* CollectionViewCircleLayout.m in Sources */,
				7FBB4B4A1CA414F9002F7E15 /* AMPBannersDetailViewController.m in Sources */,
				7FBB4B4F1CA414F9002F7E15 /* NativeBannerView.m in Sources */,
				7FBB4B4C1CA414F9002F7E15 /* AMPMasterTableViewController.m in Sources */,
				BF66866E1CD8E60700B345ED /* AMPImageCache.m in Sources */,
				482758201D2D35E500FC0921 /* AMPDataUnitManager.m in Sources */,
				7FBB4B4B1CA414F9002F7E15 /* AMPFullscreensDetailViewController.m in Sources */,
				7FBB4B511CA414F9002F7E15 /* NativePlusView.m in Sources */,
				4827581F1D2D35E500FC0921 /* AMPDataUnit.m in Sources */,
			);
			runOnlyForDeploymentPostprocessing = 0;
		};
		BF2CB9AF1CEDBEDB00176530 /* Sources */ = {
			isa = PBXSourcesBuildPhase;
			buildActionMask = 2147483647;
			files = (
				BF2CB9D21CEDFB4700176530 /* AMPLocationControlCollectionViewCell.m in Sources */,
				BF2CB9D11CEDF19200176530 /* UIViewController+AMPLoadFromSroryboard.m in Sources */,
				480DDE8C1D2D5D370070C222 /* AMPDataUnitManager.m in Sources */,
				4856EDE81D070422008E68F8 /* AMPAdContainerCollectionViewCell.m in Sources */,
				BF2CB9CC1CEDE6EE00176530 /* FullscreensDetailViewController.swift in Sources */,
				BF2CB9D01CEDEA1E00176530 /* BannersDetailViewController.swift in Sources */,
				4856EDE51D0702BC008E68F8 /* CollectionCircleLayoutAttributes.m in Sources */,
				BF2CB9DF1CEE12F000176530 /* NativePlusView.swift in Sources */,
				BF2CB9D31CEDFB4B00176530 /* AMPLocationControlTableViewCell.m in Sources */,
				4856EDE61D0702BC008E68F8 /* CollectionViewCircleLayout.m in Sources */,
				BF2CB9D81CEDFC1600176530 /* AMPImageCache.m in Sources */,
				BF2CB9D41CEDFB4F00176530 /* AMPImageView.m in Sources */,
				480DDE8B1D2D5D370070C222 /* AMPDataUnit.m in Sources */,
				4856EDE31D0701A4008E68F8 /* CollectionViewLocationControlAdDetailsViewController.swift in Sources */,
				4856EDE41D0701A4008E68F8 /* TableViewLocationControlAdDetailsViewController.swift in Sources */,
				4856EDE71D070405008E68F8 /* AMPLocationControlCustomCollectionViewCell.m in Sources */,
				BF2CB9C91CEDE53100176530 /* MasterTableViewController.swift in Sources */,
				BF2CB9CE1CEDE94F00176530 /* VideoDetailViewController.swift in Sources */,
				BF2CB9D71CEDFC0600176530 /* NSDictionary+AMPHasKey.m in Sources */,
				BF2CB9B61CEDBEDB00176530 /* AppDelegate.swift in Sources */,
				BF2CB9E11CEE142C00176530 /* NativeBannerView.swift in Sources */,
				BF2CB9E71CEE15E600176530 /* NativeAdDetailsViewController.swift in Sources */,
			);
			runOnlyForDeploymentPostprocessing = 0;
		};
/* End PBXSourcesBuildPhase section */

/* Begin PBXVariantGroup section */
		7FBB4B2A1CA414F9002F7E15 /* LaunchScreen.xib */ = {
			isa = PBXVariantGroup;
			children = (
				7FBB4B2B1CA414F9002F7E15 /* Base */,
			);
			name = LaunchScreen.xib;
			sourceTree = "<group>";
		};
		BF2CB9B91CEDBEDB00176530 /* Main.storyboard */ = {
			isa = PBXVariantGroup;
			children = (
				BF2CB9BA1CEDBEDB00176530 /* Base */,
			);
			name = Main.storyboard;
			sourceTree = "<group>";
		};
		BF2CB9BE1CEDBEDB00176530 /* LaunchScreen.storyboard */ = {
			isa = PBXVariantGroup;
			children = (
				BF2CB9BF1CEDBEDB00176530 /* Base */,
			);
			name = LaunchScreen.storyboard;
			sourceTree = "<group>";
		};
/* End PBXVariantGroup section */

/* Begin XCBuildConfiguration section */
		905097E11C0F026E00C96364 /* Debug */ = {
			isa = XCBuildConfiguration;
			buildSettings = {
				ALWAYS_SEARCH_USER_PATHS = NO;
				CLANG_CXX_LANGUAGE_STANDARD = "gnu++0x";
				CLANG_CXX_LIBRARY = "libc++";
				CLANG_ENABLE_MODULES = YES;
				CLANG_ENABLE_OBJC_ARC = YES;
				CLANG_WARN_BOOL_CONVERSION = YES;
				CLANG_WARN_CONSTANT_CONVERSION = YES;
				CLANG_WARN_DIRECT_OBJC_ISA_USAGE = YES_ERROR;
				CLANG_WARN_EMPTY_BODY = YES;
				CLANG_WARN_ENUM_CONVERSION = YES;
				CLANG_WARN_INT_CONVERSION = YES;
				CLANG_WARN_OBJC_ROOT_CLASS = YES_ERROR;
				CLANG_WARN_UNREACHABLE_CODE = YES;
				CLANG_WARN__DUPLICATE_METHOD_MATCH = YES;
				CODE_SIGN_IDENTITY = "iPhone Developer";
				COPY_PHASE_STRIP = NO;
				DEBUG_INFORMATION_FORMAT = dwarf;
				ENABLE_BITCODE = NO;
				ENABLE_STRICT_OBJC_MSGSEND = YES;
				ENABLE_TESTABILITY = YES;
				GCC_C_LANGUAGE_STANDARD = gnu99;
				GCC_DYNAMIC_NO_PIC = NO;
				GCC_NO_COMMON_BLOCKS = YES;
				GCC_OPTIMIZATION_LEVEL = 0;
				GCC_PREPROCESSOR_DEFINITIONS = (
					"DEBUG=1",
					"$(inherited)",
				);
				GCC_WARN_64_TO_32_BIT_CONVERSION = YES;
				GCC_WARN_ABOUT_RETURN_TYPE = YES_ERROR;
				GCC_WARN_UNDECLARED_SELECTOR = YES;
				GCC_WARN_UNINITIALIZED_AUTOS = YES_AGGRESSIVE;
				GCC_WARN_UNUSED_FUNCTION = YES;
				GCC_WARN_UNUSED_VARIABLE = YES;
				HEADER_SEARCH_PATHS = (
					"$(inherited)",
					include/MoneytapSDK,
				);
				IPHONEOS_DEPLOYMENT_TARGET = 9.1;
				MTL_ENABLE_DEBUG_INFO = YES;
				ONLY_ACTIVE_ARCH = YES;
				PROVISIONING_PROFILE = "";
				SDKROOT = iphoneos;
				TARGETED_DEVICE_FAMILY = "1,2";
			};
			name = Debug;
		};
		905097E21C0F026E00C96364 /* Release */ = {
			isa = XCBuildConfiguration;
			buildSettings = {
				ALWAYS_SEARCH_USER_PATHS = NO;
				CLANG_CXX_LANGUAGE_STANDARD = "gnu++0x";
				CLANG_CXX_LIBRARY = "libc++";
				CLANG_ENABLE_MODULES = YES;
				CLANG_ENABLE_OBJC_ARC = YES;
				CLANG_WARN_BOOL_CONVERSION = YES;
				CLANG_WARN_CONSTANT_CONVERSION = YES;
				CLANG_WARN_DIRECT_OBJC_ISA_USAGE = YES_ERROR;
				CLANG_WARN_EMPTY_BODY = YES;
				CLANG_WARN_ENUM_CONVERSION = YES;
				CLANG_WARN_INT_CONVERSION = YES;
				CLANG_WARN_OBJC_ROOT_CLASS = YES_ERROR;
				CLANG_WARN_UNREACHABLE_CODE = YES;
				CLANG_WARN__DUPLICATE_METHOD_MATCH = YES;
				CODE_SIGN_IDENTITY = "iPhone Distribution";
				COPY_PHASE_STRIP = NO;
				DEBUG_INFORMATION_FORMAT = "dwarf-with-dsym";
				ENABLE_BITCODE = NO;
				ENABLE_NS_ASSERTIONS = NO;
				ENABLE_STRICT_OBJC_MSGSEND = YES;
				GCC_C_LANGUAGE_STANDARD = gnu99;
				GCC_NO_COMMON_BLOCKS = YES;
				GCC_WARN_64_TO_32_BIT_CONVERSION = YES;
				GCC_WARN_ABOUT_RETURN_TYPE = YES_ERROR;
				GCC_WARN_UNDECLARED_SELECTOR = YES;
				GCC_WARN_UNINITIALIZED_AUTOS = YES_AGGRESSIVE;
				GCC_WARN_UNUSED_FUNCTION = YES;
				GCC_WARN_UNUSED_VARIABLE = YES;
				HEADER_SEARCH_PATHS = (
					"$(inherited)",
					include/MoneytapSDK,
				);
				IPHONEOS_DEPLOYMENT_TARGET = 9.1;
				MTL_ENABLE_DEBUG_INFO = NO;
				PROVISIONING_PROFILE = "";
				SDKROOT = iphoneos;
				TARGETED_DEVICE_FAMILY = "1,2";
				VALIDATE_PRODUCT = YES;
			};
			name = Release;
		};
		905097E41C0F026E00C96364 /* Debug */ = {
			isa = XCBuildConfiguration;
			baseConfigurationReference = 9404BDCCFE487A2D7601723B /* Pods-AmpiriSDKDemoApp.debug.xcconfig */;
			buildSettings = {
				ASSETCATALOG_COMPILER_APPICON_NAME = AppIcon;
				CODE_SIGN_IDENTITY = "iPhone Developer";
				ENABLE_BITCODE = NO;
				FRAMEWORK_SEARCH_PATHS = (
					"$(inherited)",
					../,
				);
				GCC_PRECOMPILE_PREFIX_HEADER = YES;
				GCC_PREFIX_HEADER = AmpiriSDKDemoApp/AmpiriSDKDemoApp.pch;
				HEADER_SEARCH_PATHS = (
					"$(inherited)",
					"$(SDKROOT)/usr/include/libxml2",
				);
				INFOPLIST_FILE = "$(SRCROOT)/AmpiriSDKDemoApp/Info.plist";
				IPHONEOS_DEPLOYMENT_TARGET = 8.0;
				LD_RUNPATH_SEARCH_PATHS = "$(inherited) @executable_path/Frameworks";
				LIBRARY_SEARCH_PATHS = "$(inherited)";
				OTHER_LDFLAGS = (
					"$(inherited)",
					"-ObjC",
					"-l\"c++\"",
					"-framework",
					"\"AssetsLibrary\"",
					"-framework",
					"\"CoreGraphics\"",
					"-framework",
					"\"CoreText\"",
					"-framework",
					"\"MobileCoreServices\"",
					"-framework",
					"\"QuartzCore\"",
					"-framework",
					"\"QuickLook\"",
					"-framework",
					"\"Security\"",
					"-framework",
					"\"SystemConfiguration\"",
					"-framework",
					"\"UIKit\"",
					"-lz",
					"-lxml2",
					"-lsqlite3",
				);
				PRODUCT_BUNDLE_IDENTIFIER = com.glispa.mediation.test;
				PRODUCT_NAME = AmpiriSDKDemoApp;
				PROVISIONING_PROFILE = "";
			};
			name = Debug;
		};
		905097E51C0F026E00C96364 /* Release */ = {
			isa = XCBuildConfiguration;
			baseConfigurationReference = 87C8667ABF8086CBAD89142B /* Pods-AmpiriSDKDemoApp.release.xcconfig */;
			buildSettings = {
				ASSETCATALOG_COMPILER_APPICON_NAME = AppIcon;
				CODE_SIGN_IDENTITY = "iPhone Distribution";
				ENABLE_BITCODE = NO;
				FRAMEWORK_SEARCH_PATHS = (
					"$(inherited)",
					../,
				);
				GCC_PRECOMPILE_PREFIX_HEADER = YES;
				GCC_PREFIX_HEADER = AmpiriSDKDemoApp/AmpiriSDKDemoApp.pch;
				HEADER_SEARCH_PATHS = (
					"$(inherited)",
					"$(SDKROOT)/usr/include/libxml2",
				);
				INFOPLIST_FILE = "$(SRCROOT)/AmpiriSDKDemoApp/Info.plist";
				IPHONEOS_DEPLOYMENT_TARGET = 8.0;
				LD_RUNPATH_SEARCH_PATHS = "$(inherited) @executable_path/Frameworks";
				LIBRARY_SEARCH_PATHS = "$(inherited)";
				OTHER_LDFLAGS = (
					"$(inherited)",
					"-ObjC",
					"-l\"c++\"",
					"-framework",
					"\"AssetsLibrary\"",
					"-framework",
					"\"CoreGraphics\"",
					"-framework",
					"\"CoreText\"",
					"-framework",
					"\"MobileCoreServices\"",
					"-framework",
					"\"QuartzCore\"",
					"-framework",
					"\"QuickLook\"",
					"-framework",
					"\"Security\"",
					"-framework",
					"\"SystemConfiguration\"",
					"-framework",
					"\"UIKit\"",
					"-lz",
					"-lxml2",
					"-lsqlite3",
				);
				PRODUCT_BUNDLE_IDENTIFIER = com.glispa.mediation.test;
				PRODUCT_NAME = AmpiriSDKDemoApp;
				PROVISIONING_PROFILE = "";
			};
			name = Release;
		};
		BF2CB9C21CEDBEDB00176530 /* Debug */ = {
			isa = XCBuildConfiguration;
			baseConfigurationReference = AC8D928D79781E1488459F47 /* Pods-AmpiriSDKDemoAppSwift.debug.xcconfig */;
			buildSettings = {
				ASSETCATALOG_COMPILER_APPICON_NAME = AppIcon;
				CLANG_ANALYZER_NONNULL = YES;
				"CODE_SIGN_IDENTITY[sdk=iphoneos*]" = "iPhone Developer";
				INFOPLIST_FILE = AmpiriSDKDemoAppSwift/Info.plist;
				IPHONEOS_DEPLOYMENT_TARGET = 8.0;
				LD_RUNPATH_SEARCH_PATHS = "$(inherited) @executable_path/Frameworks";
				PRODUCT_BUNDLE_IDENTIFIER = com.glispa.AmpiriSDKDemoAppSwift;
				PRODUCT_NAME = "$(TARGET_NAME)";
				SWIFT_OBJC_BRIDGING_HEADER = AmpiriSDKDemoAppSwift/ObjectiveCBridge.h;
				SWIFT_OPTIMIZATION_LEVEL = "-Onone";
			};
			name = Debug;
		};
		BF2CB9C31CEDBEDB00176530 /* Release */ = {
			isa = XCBuildConfiguration;
			baseConfigurationReference = 243D3F0E5B4E7B6605940856 /* Pods-AmpiriSDKDemoAppSwift.release.xcconfig */;
			buildSettings = {
				ASSETCATALOG_COMPILER_APPICON_NAME = AppIcon;
				CLANG_ANALYZER_NONNULL = YES;
				"CODE_SIGN_IDENTITY[sdk=iphoneos*]" = "iPhone Developer";
				INFOPLIST_FILE = AmpiriSDKDemoAppSwift/Info.plist;
				IPHONEOS_DEPLOYMENT_TARGET = 8.0;
				LD_RUNPATH_SEARCH_PATHS = "$(inherited) @executable_path/Frameworks";
				PRODUCT_BUNDLE_IDENTIFIER = com.glispa.AmpiriSDKDemoAppSwift;
				PRODUCT_NAME = "$(TARGET_NAME)";
				SWIFT_OBJC_BRIDGING_HEADER = AmpiriSDKDemoAppSwift/ObjectiveCBridge.h;
			};
			name = Release;
		};
/* End XCBuildConfiguration section */

/* Begin XCConfigurationList section */
		905097C71C0F026E00C96364 /* Build configuration list for PBXProject "AmpiriSDKDemoApp" */ = {
			isa = XCConfigurationList;
			buildConfigurations = (
				905097E11C0F026E00C96364 /* Debug */,
				905097E21C0F026E00C96364 /* Release */,
			);
			defaultConfigurationIsVisible = 0;
			defaultConfigurationName = Release;
		};
		905097E31C0F026E00C96364 /* Build configuration list for PBXNativeTarget "AmpiriSDKDemoApp" */ = {
			isa = XCConfigurationList;
			buildConfigurations = (
				905097E41C0F026E00C96364 /* Debug */,
				905097E51C0F026E00C96364 /* Release */,
			);
			defaultConfigurationIsVisible = 0;
			defaultConfigurationName = Release;
		};
		BF2CB9C41CEDBEDC00176530 /* Build configuration list for PBXNativeTarget "AmpiriSDKDemoAppSwift" */ = {
			isa = XCConfigurationList;
			buildConfigurations = (
				BF2CB9C21CEDBEDB00176530 /* Debug */,
				BF2CB9C31CEDBEDB00176530 /* Release */,
			);
			defaultConfigurationIsVisible = 0;
			defaultConfigurationName = Release;
		};
/* End XCConfigurationList section */
	};
	rootObject = 905097C41C0F026E00C96364 /* Project object */;
}
